
Microsoft Visual Studio Solution File, Format Version 12.00
# Visual Studio 15
VisualStudioVersion = 15.0.27703.2042
MinimumVisualStudioVersion = 10.0.40219.1
Project("{8BC9CEB8-8B4A-11D0-8D11-00A0C91BC942}") = "handmade_hero", "handmade_hero\handmade_hero.vcxproj", "{263883CC-1ECE-49D1-9A2C-0A83774F8506}"
EndProject
Global
	GlobalSection(SolutionConfigurationPlatforms) = preSolution
		Debug|x64 = Debug|x64
		Debug|x86 = Debug|x86
		Release|x64 = Release|x64
		Release|x86 = Release|x86
	EndGlobalSection
	GlobalSection(ProjectConfigurationPlatforms) = postSolution
		{263883CC-1ECE-49D1-9A2C-0A83774F8506}.Debug|x64.ActiveCfg = Debug|x64
		{263883CC-1ECE-49D1-9A2C-0A83774F8506}.Debug|x64.Build.0 = Debug|x64
		{263883CC-1ECE-49D1-9A2C-0A83774F8506}.Debug|x86.ActiveCfg = Debug|Win32
		{263883CC-1ECE-49D1-9A2C-0A83774F8506}.Debug|x86.Build.0 = Debug|Win32
		{263883CC-1ECE-49D1-9A2C-0A83774F8506}.Release|x64.ActiveCfg = Release|x64
		{263883CC-1ECE-49D1-9A2C-0A83774F8506}.Release|x64.Build.0 = Release|x64
		{263883CC-1ECE-49D1-9A2C-0A83774F8506}.Release|x86.ActiveCfg = Release|Win32
		{263883CC-1ECE-49D1-9A2C-0A83774F8506}.Release|x86.Build.0 = Release|Win32
	EndGlobalSection
	GlobalSection(SolutionProperties) = preSolution
		HideSolutionNode = FALSE
	EndGlobalSection
	GlobalSection(ExtensibilityGlobals) = postSolution
		SolutionGuid = {DA673F8D-00E9-4350-88FA-1601EF4108DA}
	EndGlobalSection
EndGlobal
